
Microsoft Visual Studio Solution File, Format Version 12.00
# Visual Studio Version 16
VisualStudioVersion = 16.0.30420.98
MinimumVisualStudioVersion = 10.0.40219.1
Project("{9A19103F-16F7-4668-BE54-9A1E7A4F7556}") = "ReadingFileExample", "ReviewProblems\ReadingFileExample.csproj", "{1B1E6991-C128-4823-B210-FF9F61B200DF}"
EndProject
Project("{FAE04EC0-301F-11D3-BF4B-00C04F79EFBC}") = "MoreDifficultStudentExample", "MoreDifficultStudentExample\MoreDifficultStudentExample.csproj", "{1422C7E7-7A82-4E17-941C-EA61A14BB3F6}"
EndProject
Global
	GlobalSection(SolutionConfigurationPlatforms) = preSolution
		Debug|Any CPU = Debug|Any CPU
		Release|Any CPU = Release|Any CPU
	EndGlobalSection
	GlobalSection(ProjectConfigurationPlatforms) = postSolution
		{1B1E6991-C128-4823-B210-FF9F61B200DF}.Debug|Any CPU.ActiveCfg = Debug|Any CPU
		{1B1E6991-C128-4823-B210-FF9F61B200DF}.Debug|Any CPU.Build.0 = Debug|Any CPU
		{1B1E6991-C128-4823-B210-FF9F61B200DF}.Release|Any CPU.ActiveCfg = Release|Any CPU
		{1B1E6991-C128-4823-B210-FF9F61B200DF}.Release|Any CPU.Build.0 = Release|Any CPU
		{1422C7E7-7A82-4E17-941C-EA61A14BB3F6}.Debug|Any CPU.ActiveCfg = Debug|Any CPU
		{1422C7E7-7A82-4E17-941C-EA61A14BB3F6}.Debug|Any CPU.Build.0 = Debug|Any CPU
		{1422C7E7-7A82-4E17-941C-EA61A14BB3F6}.Release|Any CPU.ActiveCfg = Release|Any CPU
		{1422C7E7-7A82-4E17-941C-EA61A14BB3F6}.Release|Any CPU.Build.0 = Release|Any CPU
	EndGlobalSection
	GlobalSection(SolutionProperties) = preSolution
		HideSolutionNode = FALSE
	EndGlobalSection
	GlobalSection(ExtensibilityGlobals) = postSolution
		SolutionGuid = {10F56D0E-F4D3-4981-B377-B4342811FE3D}
	EndGlobalSection
EndGlobal
