
Microsoft Visual Studio Solution File, Format Version 12.00
# Visual Studio Version 16
VisualStudioVersion = 16.0.30428.66
MinimumVisualStudioVersion = 10.0.40219.1
Project("{FAE04EC0-301F-11D3-BF4B-00C04F79EFBC}") = "GoT Quote", "GoT Quote\GoT Quote.csproj", "{9446E0DC-7A61-4D15-8A7C-B80B952E522B}"
EndProject
Global
	GlobalSection(SolutionConfigurationPlatforms) = preSolution
		Debug|Any CPU = Debug|Any CPU
		Release|Any CPU = Release|Any CPU
	EndGlobalSection
	GlobalSection(ProjectConfigurationPlatforms) = postSolution
		{9446E0DC-7A61-4D15-8A7C-B80B952E522B}.Debug|Any CPU.ActiveCfg = Debug|Any CPU
		{9446E0DC-7A61-4D15-8A7C-B80B952E522B}.Debug|Any CPU.Build.0 = Debug|Any CPU
		{9446E0DC-7A61-4D15-8A7C-B80B952E522B}.Release|Any CPU.ActiveCfg = Release|Any CPU
		{9446E0DC-7A61-4D15-8A7C-B80B952E522B}.Release|Any CPU.Build.0 = Release|Any CPU
	EndGlobalSection
	GlobalSection(SolutionProperties) = preSolution
		HideSolutionNode = FALSE
	EndGlobalSection
	GlobalSection(ExtensibilityGlobals) = postSolution
		SolutionGuid = {5F0FF650-E91B-4EDD-BCA7-ACC1267C35C3}
	EndGlobalSection
EndGlobal
