
Microsoft Visual Studio Solution File, Format Version 12.00
# Visual Studio Version 16
VisualStudioVersion = 16.0.30420.98
MinimumVisualStudioVersion = 10.0.40219.1
Project("{FAE04EC0-301F-11D3-BF4B-00C04F79EFBC}") = "ClassesAndFiles", "ClassesAndFiles\ClassesAndFiles.csproj", "{EDB3D3DE-9C5F-4AAC-959A-F85CB1999450}"
EndProject
Global
	GlobalSection(SolutionConfigurationPlatforms) = preSolution
		Debug|Any CPU = Debug|Any CPU
		Release|Any CPU = Release|Any CPU
	EndGlobalSection
	GlobalSection(ProjectConfigurationPlatforms) = postSolution
		{EDB3D3DE-9C5F-4AAC-959A-F85CB1999450}.Debug|Any CPU.ActiveCfg = Debug|Any CPU
		{EDB3D3DE-9C5F-4AAC-959A-F85CB1999450}.Debug|Any CPU.Build.0 = Debug|Any CPU
		{EDB3D3DE-9C5F-4AAC-959A-F85CB1999450}.Release|Any CPU.ActiveCfg = Release|Any CPU
		{EDB3D3DE-9C5F-4AAC-959A-F85CB1999450}.Release|Any CPU.Build.0 = Release|Any CPU
	EndGlobalSection
	GlobalSection(SolutionProperties) = preSolution
		HideSolutionNode = FALSE
	EndGlobalSection
	GlobalSection(ExtensibilityGlobals) = postSolution
		SolutionGuid = {E25C8968-A7FA-4FD3-8F41-1C3A9E531F83}
	EndGlobalSection
EndGlobal
